// !$*UTF8*$!
{
	archiveVersion = 1;
	classes = {
	};
	objectVersion = 50;
	objects = {

/* Begin PBXBuildFile section */
		230BF0BB222BECCB0000BFEC /* UIViewExt.swift in Sources */ = {isa = PBXBuildFile; fileRef = 230BF0BA222BECCB0000BFEC /* UIViewExt.swift */; };
		2369F98C218CD65C00389B7E /* AppDelegate.swift in Sources */ = {isa = PBXBuildFile; fileRef = 2369F98B218CD65C00389B7E /* AppDelegate.swift */; };
		2369F98E218CD65C00389B7E /* GoalsVC.swift in Sources */ = {isa = PBXBuildFile; fileRef = 2369F98D218CD65C00389B7E /* GoalsVC.swift */; };
		2369F991218CD65C00389B7E /* Main.storyboard in Resources */ = {isa = PBXBuildFile; fileRef = 2369F98F218CD65C00389B7E /* Main.storyboard */; };
		2369F994218CD65C00389B7E /* goalpost_app.xcdatamodeld in Sources */ = {isa = PBXBuildFile; fileRef = 2369F992218CD65C00389B7E /* goalpost_app.xcdatamodeld */; };
		2369F996218CD65D00389B7E /* Assets.xcassets in Resources */ = {isa = PBXBuildFile; fileRef = 2369F995218CD65D00389B7E /* Assets.xcassets */; };
		2369F999218CD65D00389B7E /* LaunchScreen.storyboard in Resources */ = {isa = PBXBuildFile; fileRef = 2369F997218CD65D00389B7E /* LaunchScreen.storyboard */; };
		23814D2A218DA6BA00B962F4 /* GoalCellTableViewCell.swift in Sources */ = {isa = PBXBuildFile; fileRef = 23814D29218DA6BA00B962F4 /* GoalCellTableViewCell.swift */; };
		23814D2C218DBB9900B962F4 /* GoalType.swift in Sources */ = {isa = PBXBuildFile; fileRef = 23814D2B218DBB9900B962F4 /* GoalType.swift */; };
		23814D2E218DC7C200B962F4 /* CreateGoalVC.swift in Sources */ = {isa = PBXBuildFile; fileRef = 23814D2D218DC7C200B962F4 /* CreateGoalVC.swift */; };
		23814D30218DD00D00B962F4 /* UIViewController.swift in Sources */ = {isa = PBXBuildFile; fileRef = 23814D2F218DD00D00B962F4 /* UIViewController.swift */; };
		23814D32218DDB5400B962F4 /* UIbuttonExt.swift in Sources */ = {isa = PBXBuildFile; fileRef = 23814D31218DDB5400B962F4 /* UIbuttonExt.swift */; };
		23814D34218DE73800B962F4 /* FinishVC.swift in Sources */ = {isa = PBXBuildFile; fileRef = 23814D33218DE73800B962F4 /* FinishVC.swift */; };
/* End PBXBuildFile section */

/* Begin PBXFileReference section */
		230BF0BA222BECCB0000BFEC /* UIViewExt.swift */ = {isa = PBXFileReference; lastKnownFileType = sourcecode.swift; path = UIViewExt.swift; sourceTree = "<group>"; };
		2369F988218CD65C00389B7E /* goalpost-app.app */ = {isa = PBXFileReference; explicitFileType = wrapper.application; includeInIndex = 0; path = "goalpost-app.app"; sourceTree = BUILT_PRODUCTS_DIR; };
		2369F98B218CD65C00389B7E /* AppDelegate.swift */ = {isa = PBXFileReference; lastKnownFileType = sourcecode.swift; path = AppDelegate.swift; sourceTree = "<group>"; };
		2369F98D218CD65C00389B7E /* GoalsVC.swift */ = {isa = PBXFileReference; lastKnownFileType = sourcecode.swift; path = GoalsVC.swift; sourceTree = "<group>"; };
		2369F990218CD65C00389B7E /* Base */ = {isa = PBXFileReference; lastKnownFileType = file.storyboard; name = Base; path = Base.lproj/Main.storyboard; sourceTree = "<group>"; };
		2369F993218CD65C00389B7E /* goalpost_app.xcdatamodel */ = {isa = PBXFileReference; lastKnownFileType = wrapper.xcdatamodel; path = goalpost_app.xcdatamodel; sourceTree = "<group>"; };
		2369F995218CD65D00389B7E /* Assets.xcassets */ = {isa = PBXFileReference; lastKnownFileType = folder.assetcatalog; path = Assets.xcassets; sourceTree = "<group>"; };
		2369F998218CD65D00389B7E /* Base */ = {isa = PBXFileReference; lastKnownFileType = file.storyboard; name = Base; path = Base.lproj/LaunchScreen.storyboard; sourceTree = "<group>"; };
		2369F99A218CD65D00389B7E /* Info.plist */ = {isa = PBXFileReference; lastKnownFileType = text.plist.xml; path = Info.plist; sourceTree = "<group>"; };
		23814D29218DA6BA00B962F4 /* GoalCellTableViewCell.swift */ = {isa = PBXFileReference; lastKnownFileType = sourcecode.swift; path = GoalCellTableViewCell.swift; sourceTree = "<group>"; };
		23814D2B218DBB9900B962F4 /* GoalType.swift */ = {isa = PBXFileReference; lastKnownFileType = sourcecode.swift; path = GoalType.swift; sourceTree = "<group>"; };
		23814D2D218DC7C200B962F4 /* CreateGoalVC.swift */ = {isa = PBXFileReference; lastKnownFileType = sourcecode.swift; path = CreateGoalVC.swift; sourceTree = "<group>"; };
		23814D2F218DD00D00B962F4 /* UIViewController.swift */ = {isa = PBXFileReference; lastKnownFileType = sourcecode.swift; path = UIViewController.swift; sourceTree = "<group>"; };
		23814D31218DDB5400B962F4 /* UIbuttonExt.swift */ = {isa = PBXFileReference; lastKnownFileType = sourcecode.swift; path = UIbuttonExt.swift; sourceTree = "<group>"; };
		23814D33218DE73800B962F4 /* FinishVC.swift */ = {isa = PBXFileReference; lastKnownFileType = sourcecode.swift; path = FinishVC.swift; sourceTree = "<group>"; };
/* End PBXFileReference section */

/* Begin PBXFrameworksBuildPhase section */
		2369F985218CD65C00389B7E /* Frameworks */ = {
			isa = PBXFrameworksBuildPhase;
			buildActionMask = 2147483647;
			files = (
			);
			runOnlyForDeploymentPostprocessing = 0;
		};
/* End PBXFrameworksBuildPhase section */

/* Begin PBXGroup section */
		2369F97F218CD65B00389B7E = {
			isa = PBXGroup;
			children = (
				2369F98A218CD65C00389B7E /* goalpost-app */,
				2369F989218CD65C00389B7E /* Products */,
			);
			sourceTree = "<group>";
		};
		2369F989218CD65C00389B7E /* Products */ = {
			isa = PBXGroup;
			children = (
				2369F988218CD65C00389B7E /* goalpost-app.app */,
			);
			name = Products;
			sourceTree = "<group>";
		};
		2369F98A218CD65C00389B7E /* goalpost-app */ = {
			isa = PBXGroup;
			children = (
				2369F9A4218CD68D00389B7E /* Extension */,
				2369F9A3218CD68A00389B7E /* Enums */,
				2369F9A2218CD68600389B7E /* Views */,
				2369F9A0218CD66C00389B7E /* Controllers */,
				2369F98B218CD65C00389B7E /* AppDelegate.swift */,
				2369F98F218CD65C00389B7E /* Main.storyboard */,
				2369F995218CD65D00389B7E /* Assets.xcassets */,
				2369F997218CD65D00389B7E /* LaunchScreen.storyboard */,
				2369F99A218CD65D00389B7E /* Info.plist */,
				2369F992218CD65C00389B7E /* goalpost_app.xcdatamodeld */,
			);
			path = "goalpost-app";
			sourceTree = "<group>";
		};
		2369F9A0218CD66C00389B7E /* Controllers */ = {
			isa = PBXGroup;
			children = (
				2369F98D218CD65C00389B7E /* GoalsVC.swift */,
				23814D2D218DC7C200B962F4 /* CreateGoalVC.swift */,
				23814D33218DE73800B962F4 /* FinishVC.swift */,
			);
			path = Controllers;
			sourceTree = "<group>";
		};
		2369F9A2218CD68600389B7E /* Views */ = {
			isa = PBXGroup;
			children = (
				23814D29218DA6BA00B962F4 /* GoalCellTableViewCell.swift */,
			);
			path = Views;
			sourceTree = "<group>";
		};
		2369F9A3218CD68A00389B7E /* Enums */ = {
			isa = PBXGroup;
			children = (
				23814D2B218DBB9900B962F4 /* GoalType.swift */,
			);
			path = Enums;
			sourceTree = "<group>";
		};
		2369F9A4218CD68D00389B7E /* Extension */ = {
			isa = PBXGroup;
			children = (
				23814D2F218DD00D00B962F4 /* UIViewController.swift */,
				23814D31218DDB5400B962F4 /* UIbuttonExt.swift */,
				230BF0BA222BECCB0000BFEC /* UIViewExt.swift */,
			);
			path = Extension;
			sourceTree = "<group>";
		};
/* End PBXGroup section */

/* Begin PBXNativeTarget section */
		2369F987218CD65C00389B7E /* goalpost-app */ = {
			isa = PBXNativeTarget;
			buildConfigurationList = 2369F99D218CD65D00389B7E /* Build configuration list for PBXNativeTarget "goalpost-app" */;
			buildPhases = (
				2369F984218CD65C00389B7E /* Sources */,
				2369F985218CD65C00389B7E /* Frameworks */,
				2369F986218CD65C00389B7E /* Resources */,
			);
			buildRules = (
			);
			dependencies = (
			);
			name = "goalpost-app";
			productName = "goalpost-app";
			productReference = 2369F988218CD65C00389B7E /* goalpost-app.app */;
			productType = "com.apple.product-type.application";
		};
/* End PBXNativeTarget section */

/* Begin PBXProject section */
		2369F980218CD65B00389B7E /* Project object */ = {
			isa = PBXProject;
			attributes = {
				LastSwiftUpdateCheck = 1000;
				LastUpgradeCheck = 1000;
				ORGANIZATIONNAME = "Marwan Khalid";
				TargetAttributes = {
					2369F987218CD65C00389B7E = {
						CreatedOnToolsVersion = 10.0;
					};
				};
			};
			buildConfigurationList = 2369F983218CD65B00389B7E /* Build configuration list for PBXProject "goalpost-app" */;
			compatibilityVersion = "Xcode 9.3";
			developmentRegion = en;
			hasScannedForEncodings = 0;
			knownRegions = (
				en,
				Base,
			);
			mainGroup = 2369F97F218CD65B00389B7E;
			productRefGroup = 2369F989218CD65C00389B7E /* Products */;
			projectDirPath = "";
			projectRoot = "";
			targets = (
				2369F987218CD65C00389B7E /* goalpost-app */,
			);
		};
/* End PBXProject section */

/* Begin PBXResourcesBuildPhase section */
		2369F986218CD65C00389B7E /* Resources */ = {
			isa = PBXResourcesBuildPhase;
			buildActionMask = 2147483647;
			files = (
				2369F999218CD65D00389B7E /* LaunchScreen.storyboard in Resources */,
				2369F996218CD65D00389B7E /* Assets.xcassets in Resources */,
				2369F991218CD65C00389B7E /* Main.storyboard in Resources */,
			);
			runOnlyForDeploymentPostprocessing = 0;
		};
/* End PBXResourcesBuildPhase section */

/* Begin PBXSourcesBuildPhase section */
		2369F984218CD65C00389B7E /* Sources */ = {
			isa = PBXSourcesBuildPhase;
			buildActionMask = 2147483647;
			files = (
				23814D30218DD00D00B962F4 /* UIViewController.swift in Sources */,
				23814D2A218DA6BA00B962F4 /* GoalCellTableViewCell.swift in Sources */,
				230BF0BB222BECCB0000BFEC /* UIViewExt.swift in Sources */,
				23814D2E218DC7C200B962F4 /* CreateGoalVC.swift in Sources */,
				23814D34218DE73800B962F4 /* FinishVC.swift in Sources */,
				23814D2C218DBB9900B962F4 /* GoalType.swift in Sources */,
				2369F98E218CD65C00389B7E /* GoalsVC.swift in Sources */,
				2369F98C218CD65C00389B7E /* AppDelegate.swift in Sources */,
				2369F994218CD65C00389B7E /* goalpost_app.xcdatamodeld in Sources */,
				23814D32218DDB5400B962F4 /* UIbuttonExt.swift in Sources */,
			);
			runOnlyForDeploymentPostprocessing = 0;
		};
/* End PBXSourcesBuildPhase section */

/* Begin PBXVariantGroup section */
		2369F98F218CD65C00389B7E /* Main.storyboard */ = {
			isa = PBXVariantGroup;
			children = (
				2369F990218CD65C00389B7E /* Base */,
			);
			name = Main.storyboard;
			sourceTree = "<group>";
		};
		2369F997218CD65D00389B7E /* LaunchScreen.storyboard */ = {
			isa = PBXVariantGroup;
			children = (
				2369F998218CD65D00389B7E /* Base */,
			);
			name = LaunchScreen.storyboard;
			sourceTree = "<group>";
		};
/* End PBXVariantGroup section */

/* Begin XCBuildConfiguration section */
		2369F99B218CD65D00389B7E /* Debug */ = {
			isa = XCBuildConfiguration;
			buildSettings = {
				ALWAYS_SEARCH_USER_PATHS = NO;
				CLANG_ANALYZER_NONNULL = YES;
				CLANG_ANALYZER_NUMBER_OBJECT_CONVERSION = YES_AGGRESSIVE;
				CLANG_CXX_LANGUAGE_STANDARD = "gnu++14";
				CLANG_CXX_LIBRARY = "libc++";
				CLANG_ENABLE_MODULES = YES;
				CLANG_ENABLE_OBJC_ARC = YES;
				CLANG_ENABLE_OBJC_WEAK = YES;
				CLANG_WARN_BLOCK_CAPTURE_AUTORELEASING = YES;
				CLANG_WARN_BOOL_CONVERSION = YES;
				CLANG_WARN_COMMA = YES;
				CLANG_WARN_CONSTANT_CONVERSION = YES;
				CLANG_WARN_DEPRECATED_OBJC_IMPLEMENTATIONS = YES;
				CLANG_WARN_DIRECT_OBJC_ISA_USAGE = YES_ERROR;
				CLANG_WARN_DOCUMENTATION_COMMENTS = YES;
				CLANG_WARN_EMPTY_BODY = YES;
				CLANG_WARN_ENUM_CONVERSION = YES;
				CLANG_WARN_INFINITE_RECURSION = YES;
				CLANG_WARN_INT_CONVERSION = YES;
				CLANG_WARN_NON_LITERAL_NULL_CONVERSION = YES;
				CLANG_WARN_OBJC_IMPLICIT_RETAIN_SELF = YES;
				CLANG_WARN_OBJC_LITERAL_CONVERSION = YES;
				CLANG_WARN_OBJC_ROOT_CLASS = YES_ERROR;
				CLANG_WARN_RANGE_LOOP_ANALYSIS = YES;
				CLANG_WARN_STRICT_PROTOTYPES = YES;
				CLANG_WARN_SUSPICIOUS_MOVE = YES;
				CLANG_WARN_UNGUARDED_AVAILABILITY = YES_AGGRESSIVE;
				CLANG_WARN_UNREACHABLE_CODE = YES;
				CLANG_WARN__DUPLICATE_METHOD_MATCH = YES;
				CODE_SIGN_IDENTITY = "iPhone Developer";
				COPY_PHASE_STRIP = NO;
				DEBUG_INFORMATION_FORMAT = dwarf;
				ENABLE_STRICT_OBJC_MSGSEND = YES;
				ENABLE_TESTABILITY = YES;
				GCC_C_LANGUAGE_STANDARD = gnu11;
				GCC_DYNAMIC_NO_PIC = NO;
				GCC_NO_COMMON_BLOCKS = YES;
				GCC_OPTIMIZATION_LEVEL = 0;
				GCC_PREPROCESSOR_DEFINITIONS = (
					"DEBUG=1",
					"$(inherited)",
				);
				GCC_WARN_64_TO_32_BIT_CONVERSION = YES;
				GCC_WARN_ABOUT_RETURN_TYPE = YES_ERROR;
				GCC_WARN_UNDECLARED_SELECTOR = YES;
				GCC_WARN_UNINITIALIZED_AUTOS = YES_AGGRESSIVE;
				GCC_WARN_UNUSED_FUNCTION = YES;
				GCC_WARN_UNUSED_VARIABLE = YES;
				IPHONEOS_DEPLOYMENT_TARGET = 12.0;
				MTL_ENABLE_DEBUG_INFO = INCLUDE_SOURCE;
				MTL_FAST_MATH = YES;
				ONLY_ACTIVE_ARCH = YES;
				SDKROOT = iphoneos;
				SWIFT_ACTIVE_COMPILATION_CONDITIONS = DEBUG;
				SWIFT_OPTIMIZATION_LEVEL = "-Onone";
			};
			name = Debug;
		};
		2369F99C218CD65D00389B7E /* Release */ = {
			isa = XCBuildConfiguration;
			buildSettings = {
				ALWAYS_SEARCH_USER_PATHS = NO;
				CLANG_ANALYZER_NONNULL = YES;
				CLANG_ANALYZER_NUMBER_OBJECT_CONVERSION = YES_AGGRESSIVE;
				CLANG_CXX_LANGUAGE_STANDARD = "gnu++14";
				CLANG_CXX_LIBRARY = "libc++";
				CLANG_ENABLE_MODULES = YES;
				CLANG_ENABLE_OBJC_ARC = YES;
				CLANG_ENABLE_OBJC_WEAK = YES;
				CLANG_WARN_BLOCK_CAPTURE_AUTORELEASING = YES;
				CLANG_WARN_BOOL_CONVERSION = YES;
				CLANG_WARN_COMMA = YES;
				CLANG_WARN_CONSTANT_CONVERSION = YES;
				CLANG_WARN_DEPRECATED_OBJC_IMPLEMENTATIONS = YES;
				CLANG_WARN_DIRECT_OBJC_ISA_USAGE = YES_ERROR;
				CLANG_WARN_DOCUMENTATION_COMMENTS = YES;
				CLANG_WARN_EMPTY_BODY = YES;
				CLANG_WARN_ENUM_CONVERSION = YES;
				CLANG_WARN_INFINITE_RECURSION = YES;
				CLANG_WARN_INT_CONVERSION = YES;
				CLANG_WARN_NON_LITERAL_NULL_CONVERSION = YES;
				CLANG_WARN_OBJC_IMPLICIT_RETAIN_SELF = YES;
				CLANG_WARN_OBJC_LITERAL_CONVERSION = YES;
				CLANG_WARN_OBJC_ROOT_CLASS = YES_ERROR;
				CLANG_WARN_RANGE_LOOP_ANALYSIS = YES;
				CLANG_WARN_STRICT_PROTOTYPES = YES;
				CLANG_WARN_SUSPICIOUS_MOVE = YES;
				CLANG_WARN_UNGUARDED_AVAILABILITY = YES_AGGRESSIVE;
				CLANG_WARN_UNREACHABLE_CODE = YES;
				CLANG_WARN__DUPLICATE_METHOD_MATCH = YES;
				CODE_SIGN_IDENTITY = "iPhone Developer";
				COPY_PHASE_STRIP = NO;
				DEBUG_INFORMATION_FORMAT = "dwarf-with-dsym";
				ENABLE_NS_ASSERTIONS = NO;
				ENABLE_STRICT_OBJC_MSGSEND = YES;
				GCC_C_LANGUAGE_STANDARD = gnu11;
				GCC_NO_COMMON_BLOCKS = YES;
				GCC_WARN_64_TO_32_BIT_CONVERSION = YES;
				GCC_WARN_ABOUT_RETURN_TYPE = YES_ERROR;
				GCC_WARN_UNDECLARED_SELECTOR = YES;
				GCC_WARN_UNINITIALIZED_AUTOS = YES_AGGRESSIVE;
				GCC_WARN_UNUSED_FUNCTION = YES;
				GCC_WARN_UNUSED_VARIABLE = YES;
				IPHONEOS_DEPLOYMENT_TARGET = 12.0;
				MTL_ENABLE_DEBUG_INFO = NO;
				MTL_FAST_MATH = YES;
				SDKROOT = iphoneos;
				SWIFT_COMPILATION_MODE = wholemodule;
				SWIFT_OPTIMIZATION_LEVEL = "-O";
				VALIDATE_PRODUCT = YES;
			};
			name = Release;
		};
		2369F99E218CD65D00389B7E /* Debug */ = {
			isa = XCBuildConfiguration;
			buildSettings = {
				ASSETCATALOG_COMPILER_APPICON_NAME = AppIcon;
				CODE_SIGN_STYLE = Automatic;
				DEVELOPMENT_TEAM = BXVX4C8M3G;
				INFOPLIST_FILE = "goalpost-app/Info.plist";
				LD_RUNPATH_SEARCH_PATHS = (
					"$(inherited)",
					"@executable_path/Frameworks",
				);
				PRODUCT_BUNDLE_IDENTIFIER = "marwankhalid.goalpost-app";
				PRODUCT_NAME = "$(TARGET_NAME)";
				SWIFT_VERSION = 4.2;
				TARGETED_DEVICE_FAMILY = "1,2";
			};
			name = Debug;
		};
		2369F99F218CD65D00389B7E /* Release */ = {
			isa = XCBuildConfiguration;
			buildSettings = {
				ASSETCATALOG_COMPILER_APPICON_NAME = AppIcon;
				CODE_SIGN_STYLE = Automatic;
				DEVELOPMENT_TEAM = BXVX4C8M3G;
				INFOPLIST_FILE = "goalpost-app/Info.plist";
				LD_RUNPATH_SEARCH_PATHS = (
					"$(inherited)",
					"@executable_path/Frameworks",
				);
				PRODUCT_BUNDLE_IDENTIFIER = "marwankhalid.goalpost-app";
				PRODUCT_NAME = "$(TARGET_NAME)";
				SWIFT_VERSION = 4.2;
				TARGETED_DEVICE_FAMILY = "1,2";
			};
			name = Release;
		};
/* End XCBuildConfiguration section */

/* Begin XCConfigurationList section */
		2369F983218CD65B00389B7E /* Build configuration list for PBXProject "goalpost-app" */ = {
			isa = XCConfigurationList;
			buildConfigurations = (
				2369F99B218CD65D00389B7E /* Debug */,
				2369F99C218CD65D00389B7E /* Release */,
			);
			defaultConfigurationIsVisible = 0;
			defaultConfigurationName = Release;
		};
		2369F99D218CD65D00389B7E /* Build configuration list for PBXNativeTarget "goalpost-app" */ = {
			isa = XCConfigurationList;
			buildConfigurations = (
				2369F99E218CD65D00389B7E /* Debug */,
				2369F99F218CD65D00389B7E /* Release */,
			);
			defaultConfigurationIsVisible = 0;
			defaultConfigurationName = Release;
		};
/* End XCConfigurationList section */

/* Begin XCVersionGroup section */
		2369F992218CD65C00389B7E /* goalpost_app.xcdatamodeld */ = {
			isa = XCVersionGroup;
			children = (
				2369F993218CD65C00389B7E /* goalpost_app.xcdatamodel */,
			);
			currentVersion = 2369F993218CD65C00389B7E /* goalpost_app.xcdatamodel */;
			path = goalpost_app.xcdatamodeld;
			sourceTree = "<group>";
			versionGroupType = wrapper.xcdatamodel;
		};
/* End XCVersionGroup section */
	};
	rootObject = 2369F980218CD65B00389B7E /* Project object */;
}
